
Microsoft Visual Studio Solution File, Format Version 12.00
# Visual Studio Version 17
VisualStudioVersion = 17.9.34728.123
MinimumVisualStudioVersion = 10.0.40219.1
Project("{FAE04EC0-301F-11D3-BF4B-00C04F79EFBC}") = "ExpenceTracker", "ExpenceTracker\ExpenceTracker.csproj", "{D513E4BA-5F1F-4F00-B07F-22AB5706BD53}"
EndProject
Global
	GlobalSection(SolutionConfigurationPlatforms) = preSolution
		Debug|Any CPU = Debug|Any CPU
		Release|Any CPU = Release|Any CPU
	EndGlobalSection
	GlobalSection(ProjectConfigurationPlatforms) = postSolution
		{D513E4BA-5F1F-4F00-B07F-22AB5706BD53}.Debug|Any CPU.ActiveCfg = Debug|Any CPU
		{D513E4BA-5F1F-4F00-B07F-22AB5706BD53}.Debug|Any CPU.Build.0 = Debug|Any CPU
		{D513E4BA-5F1F-4F00-B07F-22AB5706BD53}.Release|Any CPU.ActiveCfg = Release|Any CPU
		{D513E4BA-5F1F-4F00-B07F-22AB5706BD53}.Release|Any CPU.Build.0 = Release|Any CPU
	EndGlobalSection
	GlobalSection(SolutionProperties) = preSolution
		HideSolutionNode = FALSE
	EndGlobalSection
	GlobalSection(ExtensibilityGlobals) = postSolution
		SolutionGuid = {BA312152-0E82-4073-8D6F-10193A3AF6DE}
	EndGlobalSection
EndGlobal
